
Microsoft Visual Studio Solution File, Format Version 12.00
# Visual Studio 15
VisualStudioVersion = 15.0.28307.572
MinimumVisualStudioVersion = 10.0.40219.1
Project("{2150E333-8FDC-42A3-9474-1A3956D46DE8}") = "Utils", "Utils", "{84EB855A-73EB-4968-B076-E6B0132ED271}"
EndProject
Project("{2150E333-8FDC-42A3-9474-1A3956D46DE8}") = "Tests", "Tests", "{A226886D-18D9-42F7-8A8B-87A94DFF6CDC}"
EndProject
Project("{FAE04EC0-301F-11D3-BF4B-00C04F79EFBC}") = "FileCheckerTestConsoleApp", "Tests\FileCheckerTestConsoleApp\FileCheckerTestConsoleApp.csproj", "{41F3B350-72ED-4DD1-A783-280ECE8A7E3D}"
EndProject
Project("{FAE04EC0-301F-11D3-BF4B-00C04F79EFBC}") = "FileLoader", "Utils\FIleLoader\FileLoader.csproj", "{C91D36C3-268E-4DC3-9398-717DA5A5D175}"
EndProject
Global
	GlobalSection(SolutionConfigurationPlatforms) = preSolution
		Debug|Any CPU = Debug|Any CPU
		Release|Any CPU = Release|Any CPU
	EndGlobalSection
	GlobalSection(ProjectConfigurationPlatforms) = postSolution
		{41F3B350-72ED-4DD1-A783-280ECE8A7E3D}.Debug|Any CPU.ActiveCfg = Debug|Any CPU
		{41F3B350-72ED-4DD1-A783-280ECE8A7E3D}.Debug|Any CPU.Build.0 = Debug|Any CPU
		{41F3B350-72ED-4DD1-A783-280ECE8A7E3D}.Release|Any CPU.ActiveCfg = Release|Any CPU
		{41F3B350-72ED-4DD1-A783-280ECE8A7E3D}.Release|Any CPU.Build.0 = Release|Any CPU
		{C91D36C3-268E-4DC3-9398-717DA5A5D175}.Debug|Any CPU.ActiveCfg = Debug|Any CPU
		{C91D36C3-268E-4DC3-9398-717DA5A5D175}.Debug|Any CPU.Build.0 = Debug|Any CPU
		{C91D36C3-268E-4DC3-9398-717DA5A5D175}.Release|Any CPU.ActiveCfg = Release|Any CPU
		{C91D36C3-268E-4DC3-9398-717DA5A5D175}.Release|Any CPU.Build.0 = Release|Any CPU
	EndGlobalSection
	GlobalSection(SolutionProperties) = preSolution
		HideSolutionNode = FALSE
	EndGlobalSection
	GlobalSection(NestedProjects) = preSolution
		{41F3B350-72ED-4DD1-A783-280ECE8A7E3D} = {A226886D-18D9-42F7-8A8B-87A94DFF6CDC}
		{C91D36C3-268E-4DC3-9398-717DA5A5D175} = {84EB855A-73EB-4968-B076-E6B0132ED271}
	EndGlobalSection
	GlobalSection(ExtensibilityGlobals) = postSolution
		SolutionGuid = {7F52A72F-2A48-411F-B4AB-CC47C4A9DA58}
	EndGlobalSection
EndGlobal
